
Microsoft Visual Studio Solution File, Format Version 12.00
# Visual Studio 15
VisualStudioVersion = 15.0.28307.329
MinimumVisualStudioVersion = 10.0.40219.1
Project("{8BC9CEB8-8B4A-11D0-8D11-00A0C91BC942}") = "QuicMaf", "QuicMaf\QuicMaf.vcxproj", "{EA73D661-B6EB-4156-AC92-A470A6683307}"
EndProject
Project("{8BC9CEB8-8B4A-11D0-8D11-00A0C91BC942}") = "QuicMafGui", "QuicMafGui\QuicMafGui.vcxproj", "{7CDC5570-9785-446C-8CB9-C03E6D98927F}"
EndProject
Global
	GlobalSection(SolutionConfigurationPlatforms) = preSolution
		Debug|x64 = Debug|x64
		Debug|x86 = Debug|x86
		Release|x64 = Release|x64
		Release|x86 = Release|x86
	EndGlobalSection
	GlobalSection(ProjectConfigurationPlatforms) = postSolution
		{EA73D661-B6EB-4156-AC92-A470A6683307}.Debug|x64.ActiveCfg = Debug|x64
		{EA73D661-B6EB-4156-AC92-A470A6683307}.Debug|x64.Build.0 = Debug|x64
		{EA73D661-B6EB-4156-AC92-A470A6683307}.Debug|x86.ActiveCfg = Debug|Win32
		{EA73D661-B6EB-4156-AC92-A470A6683307}.Debug|x86.Build.0 = Debug|Win32
		{EA73D661-B6EB-4156-AC92-A470A6683307}.Release|x64.ActiveCfg = Release|x64
		{EA73D661-B6EB-4156-AC92-A470A6683307}.Release|x64.Build.0 = Release|x64
		{EA73D661-B6EB-4156-AC92-A470A6683307}.Release|x86.ActiveCfg = Release|Win32
		{EA73D661-B6EB-4156-AC92-A470A6683307}.Release|x86.Build.0 = Release|Win32
		{7CDC5570-9785-446C-8CB9-C03E6D98927F}.Debug|x64.ActiveCfg = Debug|x64
		{7CDC5570-9785-446C-8CB9-C03E6D98927F}.Debug|x64.Build.0 = Debug|x64
		{7CDC5570-9785-446C-8CB9-C03E6D98927F}.Debug|x86.ActiveCfg = Debug|Win32
		{7CDC5570-9785-446C-8CB9-C03E6D98927F}.Debug|x86.Build.0 = Debug|Win32
		{7CDC5570-9785-446C-8CB9-C03E6D98927F}.Release|x64.ActiveCfg = Release|x64
		{7CDC5570-9785-446C-8CB9-C03E6D98927F}.Release|x64.Build.0 = Release|x64
		{7CDC5570-9785-446C-8CB9-C03E6D98927F}.Release|x86.ActiveCfg = Release|Win32
		{7CDC5570-9785-446C-8CB9-C03E6D98927F}.Release|x86.Build.0 = Release|Win32
	EndGlobalSection
	GlobalSection(SolutionProperties) = preSolution
		HideSolutionNode = FALSE
	EndGlobalSection
	GlobalSection(ExtensibilityGlobals) = postSolution
		SolutionGuid = {736D3806-EB68-4CBF-9C9F-0E50940C4F53}
	EndGlobalSection
EndGlobal
